
Microsoft Visual Studio Solution File, Format Version 12.00
# Visual Studio Version 17
VisualStudioVersion = 17.4.33205.214
MinimumVisualStudioVersion = 10.0.40219.1
Project("{FAE04EC0-301F-11D3-BF4B-00C04F79EFBC}") = "BuscaGoogle", "BuscaGoogle\BuscaGoogle.csproj", "{05369573-CB6B-4B27-81B2-A84759790EA2}"
EndProject
Global
	GlobalSection(SolutionConfigurationPlatforms) = preSolution
		Debug|Any CPU = Debug|Any CPU
		Release|Any CPU = Release|Any CPU
	EndGlobalSection
	GlobalSection(ProjectConfigurationPlatforms) = postSolution
		{05369573-CB6B-4B27-81B2-A84759790EA2}.Debug|Any CPU.ActiveCfg = Debug|Any CPU
		{05369573-CB6B-4B27-81B2-A84759790EA2}.Debug|Any CPU.Build.0 = Debug|Any CPU
		{05369573-CB6B-4B27-81B2-A84759790EA2}.Release|Any CPU.ActiveCfg = Release|Any CPU
		{05369573-CB6B-4B27-81B2-A84759790EA2}.Release|Any CPU.Build.0 = Release|Any CPU
	EndGlobalSection
	GlobalSection(SolutionProperties) = preSolution
		HideSolutionNode = FALSE
	EndGlobalSection
	GlobalSection(ExtensibilityGlobals) = postSolution
		SolutionGuid = {1043DB92-1F8C-4E2D-8398-E292EB29A822}
	EndGlobalSection
EndGlobal
